<?xml version="1.0" encoding="utf-8"?>
<Project ToolsVersion="17.0" xmlns="http://schemas.microsoft.com/developer/msbuild/2003">
  <ItemGroup>
    <ClCompile Include="D:\Snake_cpp\Snake_cpp_autogen\mocs_compilation_Debug.cpp">
      <Filter>Source Files</Filter>
    </ClCompile>
    <ClCompile Include="D:\Snake_cpp\main.cpp">
      <Filter>Source Files</Filter>
    </ClCompile>
    <ClCompile Include="D:\Snake_cpp\mainwindow.cpp">
      <Filter>Source Files</Filter>
    </ClCompile>
    <ClCompile Include="D:\Snake_cpp\gamewidget.cpp">
      <Filter>Source Files</Filter>
    </ClCompile>
    <ClCompile Include="D:\Snake_cpp\snake.cpp">
      <Filter>Source Files</Filter>
    </ClCompile>
    <ClCompile Include="D:\Snake_cpp\food.cpp">
      <Filter>Source Files</Filter>
    </ClCompile>
    <ClCompile Include="D:\Snake_cpp\networkmanager.cpp">
      <Filter>Source Files</Filter>
    </ClCompile>
    <ClCompile Include="D:\Snake_cpp\characterselection.cpp">
      <Filter>Source Files</Filter>
    </ClCompile>
    <ClCompile Include="D:\Snake_cpp\multiplayergamemanager.cpp">
      <Filter>Source Files</Filter>
    </ClCompile>
    <ClCompile Include="D:\Snake_cpp\multiplayerlobby.cpp">
      <Filter>Source Files</Filter>
    </ClCompile>
    <ClCompile Include="D:\Snake_cpp\singleplayergamemanager.cpp">
      <Filter>Source Files</Filter>
    </ClCompile>
    <ClCompile Include="D:\Snake_cpp\singlemodeselection.cpp">
      <Filter>Source Files</Filter>
    </ClCompile>
    <ClCompile Include="D:\Snake_cpp\multiplayermodeselection.cpp">
      <Filter>Source Files</Filter>
    </ClCompile>
    <ClCompile Include="D:\Snake_cpp\localcoopcharacterselection.cpp">
      <Filter>Source Files</Filter>
    </ClCompile>
    <ClCompile Include="D:\Snake_cpp\oceanbackground.cpp">
      <Filter>Source Files</Filter>
    </ClCompile>
    <ClCompile Include="D:\Snake_cpp\Snake_cpp_autogen\EWIEGA46WW_Debug\qrc_resources.cpp">
      <Filter>Source Files</Filter>
    </ClCompile>
    <ClCompile Include="D:\Snake_cpp\Snake_cpp_autogen\mocs_compilation_Release.cpp">
      <Filter>Source Files</Filter>
    </ClCompile>
    <ClCompile Include="D:\Snake_cpp\Snake_cpp_autogen\EWIEGA46WW_Release\qrc_resources.cpp">
      <Filter>Source Files</Filter>
    </ClCompile>
    <ClCompile Include="D:\Snake_cpp\Snake_cpp_autogen\mocs_compilation_MinSizeRel.cpp">
      <Filter>Source Files</Filter>
    </ClCompile>
    <ClCompile Include="D:\Snake_cpp\Snake_cpp_autogen\EWIEGA46WW_MinSizeRel\qrc_resources.cpp">
      <Filter>Source Files</Filter>
    </ClCompile>
    <ClCompile Include="D:\Snake_cpp\Snake_cpp_autogen\mocs_compilation_RelWithDebInfo.cpp">
      <Filter>Source Files</Filter>
    </ClCompile>
    <ClCompile Include="D:\Snake_cpp\Snake_cpp_autogen\EWIEGA46WW_RelWithDebInfo\qrc_resources.cpp">
      <Filter>Source Files</Filter>
    </ClCompile>
  </ItemGroup>
  <ItemGroup>
    <ClInclude Include="D:\Snake_cpp\mainwindow.h">
      <Filter>Header Files</Filter>
    </ClInclude>
    <ClInclude Include="D:\Snake_cpp\gamewidget.h">
      <Filter>Header Files</Filter>
    </ClInclude>
    <ClInclude Include="D:\Snake_cpp\snake.h">
      <Filter>Header Files</Filter>
    </ClInclude>
    <ClInclude Include="D:\Snake_cpp\food.h">
      <Filter>Header Files</Filter>
    </ClInclude>
    <ClInclude Include="D:\Snake_cpp\gamestate.h">
      <Filter>Header Files</Filter>
    </ClInclude>
    <ClInclude Include="D:\Snake_cpp\networkmanager.h">
      <Filter>Header Files</Filter>
    </ClInclude>
    <ClInclude Include="D:\Snake_cpp\characterselection.h">
      <Filter>Header Files</Filter>
    </ClInclude>
    <ClInclude Include="D:\Snake_cpp\multiplayergamemanager.h">
      <Filter>Header Files</Filter>
    </ClInclude>
    <ClInclude Include="D:\Snake_cpp\multiplayerlobby.h">
      <Filter>Header Files</Filter>
    </ClInclude>
    <ClInclude Include="D:\Snake_cpp\singleplayergamemanager.h">
      <Filter>Header Files</Filter>
    </ClInclude>
    <ClInclude Include="D:\Snake_cpp\singlemodeselection.h">
      <Filter>Header Files</Filter>
    </ClInclude>
    <ClInclude Include="D:\Snake_cpp\multiplayermodeselection.h">
      <Filter>Header Files</Filter>
    </ClInclude>
    <ClInclude Include="D:\Snake_cpp\localcoopcharacterselection.h">
      <Filter>Header Files</Filter>
    </ClInclude>
    <ClInclude Include="D:\Snake_cpp\oceanbackground.h">
      <Filter>Header Files</Filter>
    </ClInclude>
    <ClInclude Include="D:\Snake_cpp\Snake_cpp_autogen\include_Debug\ui_mainwindow.h">
      <Filter>Header Files</Filter>
    </ClInclude>
    <ClInclude Include="D:\Snake_cpp\Snake_cpp_autogen\include_Release\ui_mainwindow.h">
      <Filter>Header Files</Filter>
    </ClInclude>
    <ClInclude Include="D:\Snake_cpp\Snake_cpp_autogen\include_MinSizeRel\ui_mainwindow.h">
      <Filter>Header Files</Filter>
    </ClInclude>
    <ClInclude Include="D:\Snake_cpp\Snake_cpp_autogen\include_RelWithDebInfo\ui_mainwindow.h">
      <Filter>Header Files</Filter>
    </ClInclude>
  </ItemGroup>
  <ItemGroup>
    <CustomBuild Include="D:\Snake_cpp\CMakeFiles\7f69ec29ae505aecdc1b78e1ff400cc9\autouic_(CONFIG).stamp.rule">
      <Filter>CMake Rules</Filter>
    </CustomBuild>
    <CustomBuild Include="D:\Snake_cpp\CMakeFiles\c23c90ba26b8af88bde4f4b072d89e6e\qrc_resources.cpp.rule">
      <Filter>CMake Rules</Filter>
    </CustomBuild>
    <CustomBuild Include="D:\Snake_cpp\CMakeLists.txt" />
  </ItemGroup>
  <ItemGroup>
    <None Include="D:\Snake_cpp\mainwindow.ui" />
    <None Include="D:\Snake_cpp\resources.qrc" />
    <None Include="D:\Snake_cpp\Snake_cpp_autogen\autouic_Debug.stamp" />
    <None Include="D:\Snake_cpp\Snake_cpp_autogen\autouic_Release.stamp" />
    <None Include="D:\Snake_cpp\Snake_cpp_autogen\autouic_MinSizeRel.stamp" />
    <None Include="D:\Snake_cpp\Snake_cpp_autogen\autouic_RelWithDebInfo.stamp" />
  </ItemGroup>
  <ItemGroup>
    <Filter Include="CMake Rules">
      <UniqueIdentifier>{2C38D963-4DE3-33B9-9C25-0C515BDE108F}</UniqueIdentifier>
    </Filter>
    <Filter Include="Header Files">
      <UniqueIdentifier>{7ECBB708-D1EB-3935-BEA1-375B4471477D}</UniqueIdentifier>
    </Filter>
    <Filter Include="Source Files">
      <UniqueIdentifier>{81114F91-DE9C-38E0-9FDD-F74F4705CBBD}</UniqueIdentifier>
    </Filter>
  </ItemGroup>
</Project>
